// !$*UTF8*$!
{
	archiveVersion = 1;
	classes = {
	};
	objectVersion = 53;
	objects = {

/* Begin PBXBuildFile section */
		F00597DA248CF24600EE78A6 /* CardBackView.swift in Sources */ = {isa = PBXBuildFile; fileRef = F00597D9248CF24600EE78A6 /* CardBackView.swift */; };
		F012BAF4249E3A85000045EA /* SetFeature.swift in Sources */ = {isa = PBXBuildFile; fileRef = F012BAF3249E3A85000045EA /* SetFeature.swift */; };
		F012BAFA249E5BB0000045EA /* SetCard.swift in Sources */ = {isa = PBXBuildFile; fileRef = F012BAF9249E5BB0000045EA /* SetCard.swift */; };
		F012BAFC249E5C30000045EA /* ClassicCard.swift in Sources */ = {isa = PBXBuildFile; fileRef = F012BAFB249E5C30000045EA /* ClassicCard.swift */; };
		F012BAFE249E5CF2000045EA /* ClassicCardView.swift in Sources */ = {isa = PBXBuildFile; fileRef = F012BAFD249E5CF2000045EA /* ClassicCardView.swift */; };
		F015AFF92493D35700712F03 /* Oval.swift in Sources */ = {isa = PBXBuildFile; fileRef = F015AFF82493D35700712F03 /* Oval.swift */; };
		F015AFFF2493ECC500712F03 /* FigureColorModifier.swift in Sources */ = {isa = PBXBuildFile; fileRef = F015AFFE2493ECC500712F03 /* FigureColorModifier.swift */; };
		F015B0012493EDF400712F03 /* FigureShapeView.swift in Sources */ = {isa = PBXBuildFile; fileRef = F015B0002493EDF400712F03 /* FigureShapeView.swift */; };
		F015B0052493FE4900712F03 /* FigureShadingModifier.swift in Sources */ = {isa = PBXBuildFile; fileRef = F015B0042493FE4900712F03 /* FigureShadingModifier.swift */; };
		F015B00B2494103000712F03 /* CardBackground.swift in Sources */ = {isa = PBXBuildFile; fileRef = F015B00A2494103000712F03 /* CardBackground.swift */; };
		F015B00D2494181E00712F03 /* CardFrontView.swift in Sources */ = {isa = PBXBuildFile; fileRef = F015B00C2494181E00712F03 /* CardFrontView.swift */; };
		F015B00F2494193300712F03 /* FiguresView.swift in Sources */ = {isa = PBXBuildFile; fileRef = F015B00E2494193300712F03 /* FiguresView.swift */; };
		F02C971124961C8900FF0DE2 /* DeckView.swift in Sources */ = {isa = PBXBuildFile; fileRef = F02C971024961C8900FF0DE2 /* DeckView.swift */; };
		F03657A3248C0D70008392C7 /* AppDelegate.swift in Sources */ = {isa = PBXBuildFile; fileRef = F03657A2248C0D70008392C7 /* AppDelegate.swift */; };
		F03657A5248C0D70008392C7 /* SceneDelegate.swift in Sources */ = {isa = PBXBuildFile; fileRef = F03657A4248C0D70008392C7 /* SceneDelegate.swift */; };
		F03657A7248C0D70008392C7 /* GameView.swift in Sources */ = {isa = PBXBuildFile; fileRef = F03657A6248C0D70008392C7 /* GameView.swift */; };
		F03657A9248C0D71008392C7 /* Assets.xcassets in Resources */ = {isa = PBXBuildFile; fileRef = F03657A8248C0D71008392C7 /* Assets.xcassets */; };
		F03657AC248C0D71008392C7 /* Preview Assets.xcassets in Resources */ = {isa = PBXBuildFile; fileRef = F03657AB248C0D71008392C7 /* Preview Assets.xcassets */; };
		F03657AF248C0D71008392C7 /* LaunchScreen.storyboard in Resources */ = {isa = PBXBuildFile; fileRef = F03657AD248C0D71008392C7 /* LaunchScreen.storyboard */; };
		F098D4EE248C0EB300DA6909 /* SetGame.swift in Sources */ = {isa = PBXBuildFile; fileRef = F098D4ED248C0EB300DA6909 /* SetGame.swift */; };
		F098D4F1248C0FD100DA6909 /* CardSetGame.swift in Sources */ = {isa = PBXBuildFile; fileRef = F098D4F0248C0FD100DA6909 /* CardSetGame.swift */; };
		F0A83D56248D325800EBDF56 /* Diamond.swift in Sources */ = {isa = PBXBuildFile; fileRef = F0A83D55248D325800EBDF56 /* Diamond.swift */; };
		F0A83D5A248D3E7600EBDF56 /* Squiggle.swift in Sources */ = {isa = PBXBuildFile; fileRef = F0A83D59248D3E7600EBDF56 /* Squiggle.swift */; };
		F0A83D5C248D40ED00EBDF56 /* StripedPattern.swift in Sources */ = {isa = PBXBuildFile; fileRef = F0A83D5B248D40ED00EBDF56 /* StripedPattern.swift */; };
		F0D548D92496364A00E245D4 /* Grid.swift in Sources */ = {isa = PBXBuildFile; fileRef = F0D548D82496364A00E245D4 /* Grid.swift */; };
		F0D548DB2496366000E245D4 /* GridLayout.swift in Sources */ = {isa = PBXBuildFile; fileRef = F0D548DA2496366000E245D4 /* GridLayout.swift */; };
		F0D548DD2496368F00E245D4 /* Array.swift in Sources */ = {isa = PBXBuildFile; fileRef = F0D548DC2496368F00E245D4 /* Array.swift */; };
/* End PBXBuildFile section */

/* Begin PBXFileReference section */
		F00597D9248CF24600EE78A6 /* CardBackView.swift */ = {isa = PBXFileReference; lastKnownFileType = sourcecode.swift; path = CardBackView.swift; sourceTree = "<group>"; };
		F012BAF3249E3A85000045EA /* SetFeature.swift */ = {isa = PBXFileReference; lastKnownFileType = sourcecode.swift; path = SetFeature.swift; sourceTree = "<group>"; };
		F012BAF9249E5BB0000045EA /* SetCard.swift */ = {isa = PBXFileReference; lastKnownFileType = sourcecode.swift; path = SetCard.swift; sourceTree = "<group>"; };
		F012BAFB249E5C30000045EA /* ClassicCard.swift */ = {isa = PBXFileReference; lastKnownFileType = sourcecode.swift; path = ClassicCard.swift; sourceTree = "<group>"; };
		F012BAFD249E5CF2000045EA /* ClassicCardView.swift */ = {isa = PBXFileReference; lastKnownFileType = sourcecode.swift; path = ClassicCardView.swift; sourceTree = "<group>"; };
		F015AFF82493D35700712F03 /* Oval.swift */ = {isa = PBXFileReference; lastKnownFileType = sourcecode.swift; path = Oval.swift; sourceTree = "<group>"; };
		F015AFFE2493ECC500712F03 /* FigureColorModifier.swift */ = {isa = PBXFileReference; lastKnownFileType = sourcecode.swift; path = FigureColorModifier.swift; sourceTree = "<group>"; };
		F015B0002493EDF400712F03 /* FigureShapeView.swift */ = {isa = PBXFileReference; lastKnownFileType = sourcecode.swift; path = FigureShapeView.swift; sourceTree = "<group>"; };
		F015B0042493FE4900712F03 /* FigureShadingModifier.swift */ = {isa = PBXFileReference; lastKnownFileType = sourcecode.swift; path = FigureShadingModifier.swift; sourceTree = "<group>"; };
		F015B00A2494103000712F03 /* CardBackground.swift */ = {isa = PBXFileReference; lastKnownFileType = sourcecode.swift; path = CardBackground.swift; sourceTree = "<group>"; };
		F015B00C2494181E00712F03 /* CardFrontView.swift */ = {isa = PBXFileReference; lastKnownFileType = sourcecode.swift; path = CardFrontView.swift; sourceTree = "<group>"; };
		F015B00E2494193300712F03 /* FiguresView.swift */ = {isa = PBXFileReference; lastKnownFileType = sourcecode.swift; path = FiguresView.swift; sourceTree = "<group>"; };
		F02C971024961C8900FF0DE2 /* DeckView.swift */ = {isa = PBXFileReference; lastKnownFileType = sourcecode.swift; path = DeckView.swift; sourceTree = "<group>"; };
		F036579F248C0D70008392C7 /* SetGameSwiftUI.app */ = {isa = PBXFileReference; explicitFileType = wrapper.application; includeInIndex = 0; path = SetGameSwiftUI.app; sourceTree = BUILT_PRODUCTS_DIR; };
		F03657A2248C0D70008392C7 /* AppDelegate.swift */ = {isa = PBXFileReference; lastKnownFileType = sourcecode.swift; path = AppDelegate.swift; sourceTree = "<group>"; };
		F03657A4248C0D70008392C7 /* SceneDelegate.swift */ = {isa = PBXFileReference; lastKnownFileType = sourcecode.swift; path = SceneDelegate.swift; sourceTree = "<group>"; };
		F03657A6248C0D70008392C7 /* GameView.swift */ = {isa = PBXFileReference; lastKnownFileType = sourcecode.swift; path = GameView.swift; sourceTree = "<group>"; };
		F03657A8248C0D71008392C7 /* Assets.xcassets */ = {isa = PBXFileReference; lastKnownFileType = folder.assetcatalog; path = Assets.xcassets; sourceTree = "<group>"; };
		F03657AB248C0D71008392C7 /* Preview Assets.xcassets */ = {isa = PBXFileReference; lastKnownFileType = folder.assetcatalog; path = "Preview Assets.xcassets"; sourceTree = "<group>"; };
		F03657AE248C0D71008392C7 /* Base */ = {isa = PBXFileReference; lastKnownFileType = file.storyboard; name = Base; path = Base.lproj/LaunchScreen.storyboard; sourceTree = "<group>"; };
		F03657B0248C0D71008392C7 /* Info.plist */ = {isa = PBXFileReference; lastKnownFileType = text.plist.xml; path = Info.plist; sourceTree = "<group>"; };
		F098D4ED248C0EB300DA6909 /* SetGame.swift */ = {isa = PBXFileReference; lastKnownFileType = sourcecode.swift; path = SetGame.swift; sourceTree = "<group>"; };
		F098D4F0248C0FD100DA6909 /* CardSetGame.swift */ = {isa = PBXFileReference; lastKnownFileType = sourcecode.swift; path = CardSetGame.swift; sourceTree = "<group>"; };
		F0A83D55248D325800EBDF56 /* Diamond.swift */ = {isa = PBXFileReference; lastKnownFileType = sourcecode.swift; path = Diamond.swift; sourceTree = "<group>"; };
		F0A83D59248D3E7600EBDF56 /* Squiggle.swift */ = {isa = PBXFileReference; lastKnownFileType = sourcecode.swift; path = Squiggle.swift; sourceTree = "<group>"; };
		F0A83D5B248D40ED00EBDF56 /* StripedPattern.swift */ = {isa = PBXFileReference; lastKnownFileType = sourcecode.swift; path = StripedPattern.swift; sourceTree = "<group>"; };
		F0D548D82496364A00E245D4 /* Grid.swift */ = {isa = PBXFileReference; fileEncoding = 4; lastKnownFileType = sourcecode.swift; path = Grid.swift; sourceTree = "<group>"; };
		F0D548DA2496366000E245D4 /* GridLayout.swift */ = {isa = PBXFileReference; fileEncoding = 4; lastKnownFileType = sourcecode.swift; path = GridLayout.swift; sourceTree = "<group>"; };
		F0D548DC2496368F00E245D4 /* Array.swift */ = {isa = PBXFileReference; fileEncoding = 4; lastKnownFileType = sourcecode.swift; path = Array.swift; sourceTree = "<group>"; };
/* End PBXFileReference section */

/* Begin PBXFrameworksBuildPhase section */
		F036579C248C0D70008392C7 /* Frameworks */ = {
			isa = PBXFrameworksBuildPhase;
			buildActionMask = 2147483647;
			files = (
			);
			runOnlyForDeploymentPostprocessing = 0;
		};
/* End PBXFrameworksBuildPhase section */

/* Begin PBXGroup section */
		F015AFF12493BD7400712F03 /* ClassicSetGame */ = {
			isa = PBXGroup;
			children = (
				F03657A6248C0D70008392C7 /* GameView.swift */,
				F012BAFB249E5C30000045EA /* ClassicCard.swift */,
				F012BAFD249E5CF2000045EA /* ClassicCardView.swift */,
				F015B00C2494181E00712F03 /* CardFrontView.swift */,
				F00597D9248CF24600EE78A6 /* CardBackView.swift */,
				F015B00A2494103000712F03 /* CardBackground.swift */,
				F015B00E2494193300712F03 /* FiguresView.swift */,
				F015AFFE2493ECC500712F03 /* FigureColorModifier.swift */,
				F015B0042493FE4900712F03 /* FigureShadingModifier.swift */,
				F015B0002493EDF400712F03 /* FigureShapeView.swift */,
				F02C971024961C8900FF0DE2 /* DeckView.swift */,
			);
			path = ClassicSetGame;
			sourceTree = "<group>";
		};
		F0365796248C0D70008392C7 = {
			isa = PBXGroup;
			children = (
				F03657A1248C0D70008392C7 /* SetGameSwiftUI */,
				F03657A0248C0D70008392C7 /* Products */,
			);
			sourceTree = "<group>";
		};
		F03657A0248C0D70008392C7 /* Products */ = {
			isa = PBXGroup;
			children = (
				F036579F248C0D70008392C7 /* SetGameSwiftUI.app */,
			);
			name = Products;
			sourceTree = "<group>";
		};
		F03657A1248C0D70008392C7 /* SetGameSwiftUI */ = {
			isa = PBXGroup;
			children = (
				F0D548DE249636A200E245D4 /* Extensions */,
				F098D4EB248C0E6B00DA6909 /* Model */,
				F098D4EF248C0F9C00DA6909 /* ModelView */,
				F098D4EC248C0E7300DA6909 /* Views */,
				F03657A2248C0D70008392C7 /* AppDelegate.swift */,
				F03657A4248C0D70008392C7 /* SceneDelegate.swift */,
				F03657A8248C0D71008392C7 /* Assets.xcassets */,
				F03657AD248C0D71008392C7 /* LaunchScreen.storyboard */,
				F03657B0248C0D71008392C7 /* Info.plist */,
				F03657AA248C0D71008392C7 /* Preview Content */,
			);
			path = SetGameSwiftUI;
			sourceTree = "<group>";
		};
		F03657AA248C0D71008392C7 /* Preview Content */ = {
			isa = PBXGroup;
			children = (
				F03657AB248C0D71008392C7 /* Preview Assets.xcassets */,
			);
			path = "Preview Content";
			sourceTree = "<group>";
		};
		F098D4EB248C0E6B00DA6909 /* Model */ = {
			isa = PBXGroup;
			children = (
				F098D4ED248C0EB300DA6909 /* SetGame.swift */,
				F012BAF3249E3A85000045EA /* SetFeature.swift */,
				F012BAF9249E5BB0000045EA /* SetCard.swift */,
			);
			path = Model;
			sourceTree = "<group>";
		};
		F098D4EC248C0E7300DA6909 /* Views */ = {
			isa = PBXGroup;
			children = (
				F0D548D82496364A00E245D4 /* Grid.swift */,
				F0D548DA2496366000E245D4 /* GridLayout.swift */,
				F015AFF12493BD7400712F03 /* ClassicSetGame */,
				F0A83D54248D320600EBDF56 /* Figures */,
			);
			path = Views;
			sourceTree = "<group>";
		};
		F098D4EF248C0F9C00DA6909 /* ModelView */ = {
			isa = PBXGroup;
			children = (
				F098D4F0248C0FD100DA6909 /* CardSetGame.swift */,
			);
			path = ModelView;
			sourceTree = "<group>";
		};
		F0A83D54248D320600EBDF56 /* Figures */ = {
			isa = PBXGroup;
			children = (
				F0A83D55248D325800EBDF56 /* Diamond.swift */,
				F0A83D59248D3E7600EBDF56 /* Squiggle.swift */,
				F015AFF82493D35700712F03 /* Oval.swift */,
				F0A83D5B248D40ED00EBDF56 /* StripedPattern.swift */,
			);
			path = Figures;
			sourceTree = "<group>";
		};
		F0D548DE249636A200E245D4 /* Extensions */ = {
			isa = PBXGroup;
			children = (
				F0D548DC2496368F00E245D4 /* Array.swift */,
			);
			path = Extensions;
			sourceTree = "<group>";
		};
/* End PBXGroup section */

/* Begin PBXNativeTarget section */
		F036579E248C0D70008392C7 /* SetGameSwiftUI */ = {
			isa = PBXNativeTarget;
			buildConfigurationList = F03657B3248C0D71008392C7 /* Build configuration list for PBXNativeTarget "SetGameSwiftUI" */;
			buildPhases = (
				F036579B248C0D70008392C7 /* Sources */,
				F036579C248C0D70008392C7 /* Frameworks */,
				F036579D248C0D70008392C7 /* Resources */,
			);
			buildRules = (
			);
			dependencies = (
			);
			name = SetGameSwiftUI;
			productName = SetGameSwiftUI;
			productReference = F036579F248C0D70008392C7 /* SetGameSwiftUI.app */;
			productType = "com.apple.product-type.application";
		};
/* End PBXNativeTarget section */

/* Begin PBXProject section */
		F0365797248C0D70008392C7 /* Project object */ = {
			isa = PBXProject;
			attributes = {
				LastSwiftUpdateCheck = 1150;
				LastUpgradeCheck = 1150;
				ORGANIZATIONNAME = "Antonio J Rossi";
				TargetAttributes = {
					F036579E248C0D70008392C7 = {
						CreatedOnToolsVersion = 11.5;
					};
				};
			};
			buildConfigurationList = F036579A248C0D70008392C7 /* Build configuration list for PBXProject "SetGameSwiftUI" */;
			compatibilityVersion = "Xcode 11.4";
			developmentRegion = en;
			hasScannedForEncodings = 0;
			knownRegions = (
				en,
				Base,
			);
			mainGroup = F0365796248C0D70008392C7;
			productRefGroup = F03657A0248C0D70008392C7 /* Products */;
			projectDirPath = "";
			projectRoot = "";
			targets = (
				F036579E248C0D70008392C7 /* SetGameSwiftUI */,
			);
		};
/* End PBXProject section */

/* Begin PBXResourcesBuildPhase section */
		F036579D248C0D70008392C7 /* Resources */ = {
			isa = PBXResourcesBuildPhase;
			buildActionMask = 2147483647;
			files = (
				F03657AF248C0D71008392C7 /* LaunchScreen.storyboard in Resources */,
				F03657AC248C0D71008392C7 /* Preview Assets.xcassets in Resources */,
				F03657A9248C0D71008392C7 /* Assets.xcassets in Resources */,
			);
			runOnlyForDeploymentPostprocessing = 0;
		};
/* End PBXResourcesBuildPhase section */

/* Begin PBXSourcesBuildPhase section */
		F036579B248C0D70008392C7 /* Sources */ = {
			isa = PBXSourcesBuildPhase;
			buildActionMask = 2147483647;
			files = (
				F012BAFA249E5BB0000045EA /* SetCard.swift in Sources */,
				F02C971124961C8900FF0DE2 /* DeckView.swift in Sources */,
				F03657A3248C0D70008392C7 /* AppDelegate.swift in Sources */,
				F03657A5248C0D70008392C7 /* SceneDelegate.swift in Sources */,
				F0D548DD2496368F00E245D4 /* Array.swift in Sources */,
				F098D4F1248C0FD100DA6909 /* CardSetGame.swift in Sources */,
				F098D4EE248C0EB300DA6909 /* SetGame.swift in Sources */,
				F012BAFC249E5C30000045EA /* ClassicCard.swift in Sources */,
				F00597DA248CF24600EE78A6 /* CardBackView.swift in Sources */,
				F012BAFE249E5CF2000045EA /* ClassicCardView.swift in Sources */,
				F015AFFF2493ECC500712F03 /* FigureColorModifier.swift in Sources */,
				F0D548DB2496366000E245D4 /* GridLayout.swift in Sources */,
				F015B00F2494193300712F03 /* FiguresView.swift in Sources */,
				F0A83D5A248D3E7600EBDF56 /* Squiggle.swift in Sources */,
				F015AFF92493D35700712F03 /* Oval.swift in Sources */,
				F012BAF4249E3A85000045EA /* SetFeature.swift in Sources */,
				F015B0012493EDF400712F03 /* FigureShapeView.swift in Sources */,
				F015B00B2494103000712F03 /* CardBackground.swift in Sources */,
				F0D548D92496364A00E245D4 /* Grid.swift in Sources */,
				F0A83D5C248D40ED00EBDF56 /* StripedPattern.swift in Sources */,
				F015B00D2494181E00712F03 /* CardFrontView.swift in Sources */,
				F03657A7248C0D70008392C7 /* GameView.swift in Sources */,
				F0A83D56248D325800EBDF56 /* Diamond.swift in Sources */,
				F015B0052493FE4900712F03 /* FigureShadingModifier.swift in Sources */,
			);
			runOnlyForDeploymentPostprocessing = 0;
		};
/* End PBXSourcesBuildPhase section */

/* Begin PBXVariantGroup section */
		F03657AD248C0D71008392C7 /* LaunchScreen.storyboard */ = {
			isa = PBXVariantGroup;
			children = (
				F03657AE248C0D71008392C7 /* Base */,
			);
			name = LaunchScreen.storyboard;
			sourceTree = "<group>";
		};
/* End PBXVariantGroup section */

/* Begin XCBuildConfiguration section */
		F03657B1248C0D71008392C7 /* Debug */ = {
			isa = XCBuildConfiguration;
			buildSettings = {
				ALWAYS_SEARCH_USER_PATHS = NO;
				CLANG_ANALYZER_NONNULL = YES;
				CLANG_ANALYZER_NUMBER_OBJECT_CONVERSION = YES_AGGRESSIVE;
				CLANG_CXX_LANGUAGE_STANDARD = "gnu++14";
				CLANG_CXX_LIBRARY = "libc++";
				CLANG_ENABLE_MODULES = YES;
				CLANG_ENABLE_OBJC_ARC = YES;
				CLANG_ENABLE_OBJC_WEAK = YES;
				CLANG_WARN_BLOCK_CAPTURE_AUTORELEASING = YES;
				CLANG_WARN_BOOL_CONVERSION = YES;
				CLANG_WARN_COMMA = YES;
				CLANG_WARN_CONSTANT_CONVERSION = YES;
				CLANG_WARN_DEPRECATED_OBJC_IMPLEMENTATIONS = YES;
				CLANG_WARN_DIRECT_OBJC_ISA_USAGE = YES_ERROR;
				CLANG_WARN_DOCUMENTATION_COMMENTS = YES;
				CLANG_WARN_EMPTY_BODY = YES;
				CLANG_WARN_ENUM_CONVERSION = YES;
				CLANG_WARN_INFINITE_RECURSION = YES;
				CLANG_WARN_INT_CONVERSION = YES;
				CLANG_WARN_NON_LITERAL_NULL_CONVERSION = YES;
				CLANG_WARN_OBJC_IMPLICIT_RETAIN_SELF = YES;
				CLANG_WARN_OBJC_LITERAL_CONVERSION = YES;
				CLANG_WARN_OBJC_ROOT_CLASS = YES_ERROR;
				CLANG_WARN_RANGE_LOOP_ANALYSIS = YES;
				CLANG_WARN_STRICT_PROTOTYPES = YES;
				CLANG_WARN_SUSPICIOUS_MOVE = YES;
				CLANG_WARN_UNGUARDED_AVAILABILITY = YES_AGGRESSIVE;
				CLANG_WARN_UNREACHABLE_CODE = YES;
				CLANG_WARN__DUPLICATE_METHOD_MATCH = YES;
				COPY_PHASE_STRIP = NO;
				DEBUG_INFORMATION_FORMAT = dwarf;
				ENABLE_STRICT_OBJC_MSGSEND = YES;
				ENABLE_TESTABILITY = YES;
				GCC_C_LANGUAGE_STANDARD = gnu11;
				GCC_DYNAMIC_NO_PIC = NO;
				GCC_NO_COMMON_BLOCKS = YES;
				GCC_OPTIMIZATION_LEVEL = 0;
				GCC_PREPROCESSOR_DEFINITIONS = (
					"DEBUG=1",
					"$(inherited)",
				);
				GCC_WARN_64_TO_32_BIT_CONVERSION = YES;
				GCC_WARN_ABOUT_RETURN_TYPE = YES_ERROR;
				GCC_WARN_UNDECLARED_SELECTOR = YES;
				GCC_WARN_UNINITIALIZED_AUTOS = YES_AGGRESSIVE;
				GCC_WARN_UNUSED_FUNCTION = YES;
				GCC_WARN_UNUSED_VARIABLE = YES;
				IPHONEOS_DEPLOYMENT_TARGET = 13.5;
				MTL_ENABLE_DEBUG_INFO = INCLUDE_SOURCE;
				MTL_FAST_MATH = YES;
				ONLY_ACTIVE_ARCH = YES;
				SDKROOT = iphoneos;
				SWIFT_ACTIVE_COMPILATION_CONDITIONS = DEBUG;
				SWIFT_OPTIMIZATION_LEVEL = "-Onone";
			};
			name = Debug;
		};
		F03657B2248C0D71008392C7 /* Release */ = {
			isa = XCBuildConfiguration;
			buildSettings = {
				ALWAYS_SEARCH_USER_PATHS = NO;
				CLANG_ANALYZER_NONNULL = YES;
				CLANG_ANALYZER_NUMBER_OBJECT_CONVERSION = YES_AGGRESSIVE;
				CLANG_CXX_LANGUAGE_STANDARD = "gnu++14";
				CLANG_CXX_LIBRARY = "libc++";
				CLANG_ENABLE_MODULES = YES;
				CLANG_ENABLE_OBJC_ARC = YES;
				CLANG_ENABLE_OBJC_WEAK = YES;
				CLANG_WARN_BLOCK_CAPTURE_AUTORELEASING = YES;
				CLANG_WARN_BOOL_CONVERSION = YES;
				CLANG_WARN_COMMA = YES;
				CLANG_WARN_CONSTANT_CONVERSION = YES;
				CLANG_WARN_DEPRECATED_OBJC_IMPLEMENTATIONS = YES;
				CLANG_WARN_DIRECT_OBJC_ISA_USAGE = YES_ERROR;
				CLANG_WARN_DOCUMENTATION_COMMENTS = YES;
				CLANG_WARN_EMPTY_BODY = YES;
				CLANG_WARN_ENUM_CONVERSION = YES;
				CLANG_WARN_INFINITE_RECURSION = YES;
				CLANG_WARN_INT_CONVERSION = YES;
				CLANG_WARN_NON_LITERAL_NULL_CONVERSION = YES;
				CLANG_WARN_OBJC_IMPLICIT_RETAIN_SELF = YES;
				CLANG_WARN_OBJC_LITERAL_CONVERSION = YES;
				CLANG_WARN_OBJC_ROOT_CLASS = YES_ERROR;
				CLANG_WARN_RANGE_LOOP_ANALYSIS = YES;
				CLANG_WARN_STRICT_PROTOTYPES = YES;
				CLANG_WARN_SUSPICIOUS_MOVE = YES;
				CLANG_WARN_UNGUARDED_AVAILABILITY = YES_AGGRESSIVE;
				CLANG_WARN_UNREACHABLE_CODE = YES;
				CLANG_WARN__DUPLICATE_METHOD_MATCH = YES;
				COPY_PHASE_STRIP = NO;
				DEBUG_INFORMATION_FORMAT = "dwarf-with-dsym";
				ENABLE_NS_ASSERTIONS = NO;
				ENABLE_STRICT_OBJC_MSGSEND = YES;
				GCC_C_LANGUAGE_STANDARD = gnu11;
				GCC_NO_COMMON_BLOCKS = YES;
				GCC_WARN_64_TO_32_BIT_CONVERSION = YES;
				GCC_WARN_ABOUT_RETURN_TYPE = YES_ERROR;
				GCC_WARN_UNDECLARED_SELECTOR = YES;
				GCC_WARN_UNINITIALIZED_AUTOS = YES_AGGRESSIVE;
				GCC_WARN_UNUSED_FUNCTION = YES;
				GCC_WARN_UNUSED_VARIABLE = YES;
				IPHONEOS_DEPLOYMENT_TARGET = 13.5;
				MTL_ENABLE_DEBUG_INFO = NO;
				MTL_FAST_MATH = YES;
				SDKROOT = iphoneos;
				SWIFT_COMPILATION_MODE = wholemodule;
				SWIFT_OPTIMIZATION_LEVEL = "-O";
				VALIDATE_PRODUCT = YES;
			};
			name = Release;
		};
		F03657B4248C0D71008392C7 /* Debug */ = {
			isa = XCBuildConfiguration;
			buildSettings = {
				ASSETCATALOG_COMPILER_APPICON_NAME = AppIcon;
				CODE_SIGN_STYLE = Automatic;
				DEVELOPMENT_ASSET_PATHS = "\"SetGameSwiftUI/Preview Content\"";
				DEVELOPMENT_TEAM = Q2857NZSUT;
				ENABLE_PREVIEWS = YES;
				INFOPLIST_FILE = SetGameSwiftUI/Info.plist;
				IPHONEOS_DEPLOYMENT_TARGET = 13.4;
				LD_RUNPATH_SEARCH_PATHS = (
					"$(inherited)",
					"@executable_path/Frameworks",
				);
				PRODUCT_BUNDLE_IDENTIFIER = antoniojrossi.SetGameSwiftUI;
				PRODUCT_NAME = "$(TARGET_NAME)";
				SWIFT_VERSION = 5.0;
				TARGETED_DEVICE_FAMILY = "1,2";
			};
			name = Debug;
		};
		F03657B5248C0D71008392C7 /* Release */ = {
			isa = XCBuildConfiguration;
			buildSettings = {
				ASSETCATALOG_COMPILER_APPICON_NAME = AppIcon;
				CODE_SIGN_STYLE = Automatic;
				DEVELOPMENT_ASSET_PATHS = "\"SetGameSwiftUI/Preview Content\"";
				DEVELOPMENT_TEAM = Q2857NZSUT;
				ENABLE_PREVIEWS = YES;
				INFOPLIST_FILE = SetGameSwiftUI/Info.plist;
				IPHONEOS_DEPLOYMENT_TARGET = 13.4;
				LD_RUNPATH_SEARCH_PATHS = (
					"$(inherited)",
					"@executable_path/Frameworks",
				);
				PRODUCT_BUNDLE_IDENTIFIER = antoniojrossi.SetGameSwiftUI;
				PRODUCT_NAME = "$(TARGET_NAME)";
				SWIFT_VERSION = 5.0;
				TARGETED_DEVICE_FAMILY = "1,2";
			};
			name = Release;
		};
/* End XCBuildConfiguration section */

/* Begin XCConfigurationList section */
		F036579A248C0D70008392C7 /* Build configuration list for PBXProject "SetGameSwiftUI" */ = {
			isa = XCConfigurationList;
			buildConfigurations = (
				F03657B1248C0D71008392C7 /* Debug */,
				F03657B2248C0D71008392C7 /* Release */,
			);
			defaultConfigurationIsVisible = 0;
			defaultConfigurationName = Release;
		};
		F03657B3248C0D71008392C7 /* Build configuration list for PBXNativeTarget "SetGameSwiftUI" */ = {
			isa = XCConfigurationList;
			buildConfigurations = (
				F03657B4248C0D71008392C7 /* Debug */,
				F03657B5248C0D71008392C7 /* Release */,
			);
			defaultConfigurationIsVisible = 0;
			defaultConfigurationName = Release;
		};
/* End XCConfigurationList section */
	};
	rootObject = F0365797248C0D70008392C7 /* Project object */;
}
